// !$*UTF8*$!
{
	archiveVersion = 1;
	classes = {
	};
	objectVersion = 46;
	objects = {

/* Begin PBXBuildFile section */
		101623601D4B614C00E37480 /* UNEncoder.swift in Sources */ = {isa = PBXBuildFile; fileRef = 1016235F1D4B614C00E37480 /* UNEncoder.swift */; };
		103C128C1D48AE1B008BDA60 /* AppDelegate.swift in Sources */ = {isa = PBXBuildFile; fileRef = 103C128B1D48AE1B008BDA60 /* AppDelegate.swift */; };
		103C128E1D48AE1B008BDA60 /* ViewController.swift in Sources */ = {isa = PBXBuildFile; fileRef = 103C128D1D48AE1B008BDA60 /* ViewController.swift */; };
		103C12901D48AE1B008BDA60 /* Assets.xcassets in Resources */ = {isa = PBXBuildFile; fileRef = 103C128F1D48AE1B008BDA60 /* Assets.xcassets */; };
		103C12931D48AE1B008BDA60 /* Main.storyboard in Resources */ = {isa = PBXBuildFile; fileRef = 103C12911D48AE1B008BDA60 /* Main.storyboard */; };
/* End PBXBuildFile section */

/* Begin PBXFileReference section */
		1016235F1D4B614C00E37480 /* UNEncoder.swift */ = {isa = PBXFileReference; fileEncoding = 4; lastKnownFileType = sourcecode.swift; path = UNEncoder.swift; sourceTree = "<group>"; };
		103C12881D48AE1B008BDA60 /* Unicoder.app */ = {isa = PBXFileReference; explicitFileType = wrapper.application; includeInIndex = 0; path = Unicoder.app; sourceTree = BUILT_PRODUCTS_DIR; };
		103C128B1D48AE1B008BDA60 /* AppDelegate.swift */ = {isa = PBXFileReference; lastKnownFileType = sourcecode.swift; path = AppDelegate.swift; sourceTree = "<group>"; };
		103C128D1D48AE1B008BDA60 /* ViewController.swift */ = {isa = PBXFileReference; lastKnownFileType = sourcecode.swift; path = ViewController.swift; sourceTree = "<group>"; };
		103C128F1D48AE1B008BDA60 /* Assets.xcassets */ = {isa = PBXFileReference; lastKnownFileType = folder.assetcatalog; path = Assets.xcassets; sourceTree = "<group>"; };
		103C12921D48AE1B008BDA60 /* Base */ = {isa = PBXFileReference; lastKnownFileType = file.storyboard; name = Base; path = Base.lproj/Main.storyboard; sourceTree = "<group>"; };
		103C12941D48AE1B008BDA60 /* Info.plist */ = {isa = PBXFileReference; lastKnownFileType = text.plist.xml; path = Info.plist; sourceTree = "<group>"; };
/* End PBXFileReference section */

/* Begin PBXFrameworksBuildPhase section */
		103C12851D48AE1B008BDA60 /* Frameworks */ = {
			isa = PBXFrameworksBuildPhase;
			buildActionMask = 2147483647;
			files = (
			);
			runOnlyForDeploymentPostprocessing = 0;
		};
/* End PBXFrameworksBuildPhase section */

/* Begin PBXGroup section */
		103C127F1D48AE1B008BDA60 = {
			isa = PBXGroup;
			children = (
				103C128A1D48AE1B008BDA60 /* Unicoder */,
				103C12891D48AE1B008BDA60 /* Products */,
			);
			sourceTree = "<group>";
		};
		103C12891D48AE1B008BDA60 /* Products */ = {
			isa = PBXGroup;
			children = (
				103C12881D48AE1B008BDA60 /* Unicoder.app */,
			);
			name = Products;
			sourceTree = "<group>";
		};
		103C128A1D48AE1B008BDA60 /* Unicoder */ = {
			isa = PBXGroup;
			children = (
				103C128B1D48AE1B008BDA60 /* AppDelegate.swift */,
				103C128D1D48AE1B008BDA60 /* ViewController.swift */,
				1016235F1D4B614C00E37480 /* UNEncoder.swift */,
				103C128F1D48AE1B008BDA60 /* Assets.xcassets */,
				103C12911D48AE1B008BDA60 /* Main.storyboard */,
				103C12941D48AE1B008BDA60 /* Info.plist */,
			);
			path = Unicoder;
			sourceTree = "<group>";
		};
/* End PBXGroup section */

/* Begin PBXNativeTarget section */
		103C12871D48AE1B008BDA60 /* Unicoder */ = {
			isa = PBXNativeTarget;
			buildConfigurationList = 103C12971D48AE1B008BDA60 /* Build configuration list for PBXNativeTarget "Unicoder" */;
			buildPhases = (
				103C12841D48AE1B008BDA60 /* Sources */,
				103C12851D48AE1B008BDA60 /* Frameworks */,
				103C12861D48AE1B008BDA60 /* Resources */,
			);
			buildRules = (
			);
			dependencies = (
			);
			name = Unicoder;
			productName = Unicoder;
			productReference = 103C12881D48AE1B008BDA60 /* Unicoder.app */;
			productType = "com.apple.product-type.application";
		};
/* End PBXNativeTarget section */

/* Begin PBXProject section */
		103C12801D48AE1B008BDA60 /* Project object */ = {
			isa = PBXProject;
			attributes = {
				LastSwiftUpdateCheck = 0730;
				LastUpgradeCheck = 0730;
				ORGANIZATIONNAME = Fnoz;
				TargetAttributes = {
					103C12871D48AE1B008BDA60 = {
						CreatedOnToolsVersion = 7.3.1;
					};
				};
			};
			buildConfigurationList = 103C12831D48AE1B008BDA60 /* Build configuration list for PBXProject "Unicoder" */;
			compatibilityVersion = "Xcode 3.2";
			developmentRegion = English;
			hasScannedForEncodings = 0;
			knownRegions = (
				en,
				Base,
			);
			mainGroup = 103C127F1D48AE1B008BDA60;
			productRefGroup = 103C12891D48AE1B008BDA60 /* Products */;
			projectDirPath = "";
			projectRoot = "";
			targets = (
				103C12871D48AE1B008BDA60 /* Unicoder */,
			);
		};
/* End PBXProject section */

/* Begin PBXResourcesBuildPhase section */
		103C12861D48AE1B008BDA60 /* Resources */ = {
			isa = PBXResourcesBuildPhase;
			buildActionMask = 2147483647;
			files = (
				103C12901D48AE1B008BDA60 /* Assets.xcassets in Resources */,
				103C12931D48AE1B008BDA60 /* Main.storyboard in Resources */,
			);
			runOnlyForDeploymentPostprocessing = 0;
		};
/* End PBXResourcesBuildPhase section */

/* Begin PBXSourcesBuildPhase section */
		103C12841D48AE1B008BDA60 /* Sources */ = {
			isa = PBXSourcesBuildPhase;
			buildActionMask = 2147483647;
			files = (
				103C128E1D48AE1B008BDA60 /* ViewController.swift in Sources */,
				101623601D4B614C00E37480 /* UNEncoder.swift in Sources */,
				103C128C1D48AE1B008BDA60 /* AppDelegate.swift in Sources */,
			);
			runOnlyForDeploymentPostprocessing = 0;
		};
/* End PBXSourcesBuildPhase section */

/* Begin PBXVariantGroup section */
		103C12911D48AE1B008BDA60 /* Main.storyboard */ = {
			isa = PBXVariantGroup;
			children = (
				103C12921D48AE1B008BDA60 /* Base */,
			);
			name = Main.storyboard;
			sourceTree = "<group>";
		};
/* End PBXVariantGroup section */

/* Begin XCBuildConfiguration section */
		103C12951D48AE1B008BDA60 /* Debug */ = {
			isa = XCBuildConfiguration;
			buildSettings = {
				ALWAYS_SEARCH_USER_PATHS = NO;
				CLANG_ANALYZER_NONNULL = YES;
				CLANG_CXX_LANGUAGE_STANDARD = "gnu++0x";
				CLANG_CXX_LIBRARY = "libc++";
				CLANG_ENABLE_MODULES = YES;
				CLANG_ENABLE_OBJC_ARC = YES;
				CLANG_WARN_BOOL_CONVERSION = YES;
				CLANG_WARN_CONSTANT_CONVERSION = YES;
				CLANG_WARN_DIRECT_OBJC_ISA_USAGE = YES_ERROR;
				CLANG_WARN_EMPTY_BODY = YES;
				CLANG_WARN_ENUM_CONVERSION = YES;
				CLANG_WARN_INT_CONVERSION = YES;
				CLANG_WARN_OBJC_ROOT_CLASS = YES_ERROR;
				CLANG_WARN_UNREACHABLE_CODE = YES;
				CLANG_WARN__DUPLICATE_METHOD_MATCH = YES;
				CODE_SIGN_IDENTITY = "-";
				COPY_PHASE_STRIP = NO;
				DEBUG_INFORMATION_FORMAT = dwarf;
				ENABLE_STRICT_OBJC_MSGSEND = YES;
				ENABLE_TESTABILITY = YES;
				GCC_C_LANGUAGE_STANDARD = gnu99;
				GCC_DYNAMIC_NO_PIC = NO;
				GCC_NO_COMMON_BLOCKS = YES;
				GCC_OPTIMIZATION_LEVEL = 0;
				GCC_PREPROCESSOR_DEFINITIONS = (
					"DEBUG=1",
					"$(inherited)",
				);
				GCC_WARN_64_TO_32_BIT_CONVERSION = YES;
				GCC_WARN_ABOUT_RETURN_TYPE = YES_ERROR;
				GCC_WARN_UNDECLARED_SELECTOR = YES;
				GCC_WARN_UNINITIALIZED_AUTOS = YES_AGGRESSIVE;
				GCC_WARN_UNUSED_FUNCTION = YES;
				GCC_WARN_UNUSED_VARIABLE = YES;
				MACOSX_DEPLOYMENT_TARGET = 10.11;
				MTL_ENABLE_DEBUG_INFO = YES;
				ONLY_ACTIVE_ARCH = YES;
				SDKROOT = macosx;
				SWIFT_OPTIMIZATION_LEVEL = "-Onone";
			};
			name = Debug;
		};
		103C12961D48AE1B008BDA60 /* Release */ = {
			isa = XCBuildConfiguration;
			buildSettings = {
				ALWAYS_SEARCH_USER_PATHS = NO;
				CLANG_ANALYZER_NONNULL = YES;
				CLANG_CXX_LANGUAGE_STANDARD = "gnu++0x";
				CLANG_CXX_LIBRARY = "libc++";
				CLANG_ENABLE_MODULES = YES;
				CLANG_ENABLE_OBJC_ARC = YES;
				CLANG_WARN_BOOL_CONVERSION = YES;
				CLANG_WARN_CONSTANT_CONVERSION = YES;
				CLANG_WARN_DIRECT_OBJC_ISA_USAGE = YES_ERROR;
				CLANG_WARN_EMPTY_BODY = YES;
				CLANG_WARN_ENUM_CONVERSION = YES;
				CLANG_WARN_INT_CONVERSION = YES;
				CLANG_WARN_OBJC_ROOT_CLASS = YES_ERROR;
				CLANG_WARN_UNREACHABLE_CODE = YES;
				CLANG_WARN__DUPLICATE_METHOD_MATCH = YES;
				CODE_SIGN_IDENTITY = "-";
				COPY_PHASE_STRIP = NO;
				DEBUG_INFORMATION_FORMAT = "dwarf-with-dsym";
				ENABLE_NS_ASSERTIONS = NO;
				ENABLE_STRICT_OBJC_MSGSEND = YES;
				GCC_C_LANGUAGE_STANDARD = gnu99;
				GCC_NO_COMMON_BLOCKS = YES;
				GCC_WARN_64_TO_32_BIT_CONVERSION = YES;
				GCC_WARN_ABOUT_RETURN_TYPE = YES_ERROR;
				GCC_WARN_UNDECLARED_SELECTOR = YES;
				GCC_WARN_UNINITIALIZED_AUTOS = YES_AGGRESSIVE;
				GCC_WARN_UNUSED_FUNCTION = YES;
				GCC_WARN_UNUSED_VARIABLE = YES;
				MACOSX_DEPLOYMENT_TARGET = 10.11;
				MTL_ENABLE_DEBUG_INFO = NO;
				SDKROOT = macosx;
			};
			name = Release;
		};
		103C12981D48AE1B008BDA60 /* Debug */ = {
			isa = XCBuildConfiguration;
			buildSettings = {
				ASSETCATALOG_COMPILER_APPICON_NAME = AppIcon;
				COMBINE_HIDPI_IMAGES = YES;
				INFOPLIST_FILE = Unicoder/Info.plist;
				LD_RUNPATH_SEARCH_PATHS = "$(inherited) @executable_path/../Frameworks";
				PRODUCT_BUNDLE_IDENTIFIER = Fnoz.Unicoder;
				PRODUCT_NAME = "$(TARGET_NAME)";
				SWIFT_OBJC_BRIDGING_HEADER = "";
			};
			name = Debug;
		};
		103C12991D48AE1B008BDA60 /* Release */ = {
			isa = XCBuildConfiguration;
			buildSettings = {
				ASSETCATALOG_COMPILER_APPICON_NAME = AppIcon;
				COMBINE_HIDPI_IMAGES = YES;
				INFOPLIST_FILE = Unicoder/Info.plist;
				LD_RUNPATH_SEARCH_PATHS = "$(inherited) @executable_path/../Frameworks";
				PRODUCT_BUNDLE_IDENTIFIER = Fnoz.Unicoder;
				PRODUCT_NAME = "$(TARGET_NAME)";
				SWIFT_OBJC_BRIDGING_HEADER = "";
				SWIFT_OPTIMIZATION_LEVEL = "-O";
			};
			name = Release;
		};
/* End XCBuildConfiguration section */

/* Begin XCConfigurationList section */
		103C12831D48AE1B008BDA60 /* Build configuration list for PBXProject "Unicoder" */ = {
			isa = XCConfigurationList;
			buildConfigurations = (
				103C12951D48AE1B008BDA60 /* Debug */,
				103C12961D48AE1B008BDA60 /* Release */,
			);
			defaultConfigurationIsVisible = 0;
			defaultConfigurationName = Release;
		};
		103C12971D48AE1B008BDA60 /* Build configuration list for PBXNativeTarget "Unicoder" */ = {
			isa = XCConfigurationList;
			buildConfigurations = (
				103C12981D48AE1B008BDA60 /* Debug */,
				103C12991D48AE1B008BDA60 /* Release */,
			);
			defaultConfigurationIsVisible = 0;
			defaultConfigurationName = Release;
		};
/* End XCConfigurationList section */
	};
	rootObject = 103C12801D48AE1B008BDA60 /* Project object */;
}
